
Microsoft Visual Studio Solution File, Format Version 12.00
# Visual Studio Version 16
VisualStudioVersion = 16.0.31205.134
MinimumVisualStudioVersion = 10.0.40219.1
Project("{FAE04EC0-301F-11D3-BF4B-00C04F79EFBC}") = "CW.Android", "CW\CW.Android\CW.Android.csproj", "{841A4A7D-74DD-49E7-B9DB-ABBF04C41AF0}"
EndProject
Project("{FAE04EC0-301F-11D3-BF4B-00C04F79EFBC}") = "CW.iOS", "CW\CW.iOS\CW.iOS.csproj", "{E30BD09E-A47C-4668-9B83-56E8090CAA15}"
EndProject
Project("{FAE04EC0-301F-11D3-BF4B-00C04F79EFBC}") = "CW", "CW\CW\CW.csproj", "{03CA4C10-51AA-49FE-B984-EC89AB7F0608}"
EndProject
Global
	GlobalSection(SolutionConfigurationPlatforms) = preSolution
		Debug|Any CPU = Debug|Any CPU
		Debug|iPhone = Debug|iPhone
		Debug|iPhoneSimulator = Debug|iPhoneSimulator
		Release|Any CPU = Release|Any CPU
		Release|iPhone = Release|iPhone
		Release|iPhoneSimulator = Release|iPhoneSimulator
	EndGlobalSection
	GlobalSection(ProjectConfigurationPlatforms) = postSolution
		{841A4A7D-74DD-49E7-B9DB-ABBF04C41AF0}.Debug|Any CPU.ActiveCfg = Debug|Any CPU
		{841A4A7D-74DD-49E7-B9DB-ABBF04C41AF0}.Debug|Any CPU.Build.0 = Debug|Any CPU
		{841A4A7D-74DD-49E7-B9DB-ABBF04C41AF0}.Debug|Any CPU.Deploy.0 = Debug|Any CPU
		{841A4A7D-74DD-49E7-B9DB-ABBF04C41AF0}.Debug|iPhone.ActiveCfg = Debug|Any CPU
		{841A4A7D-74DD-49E7-B9DB-ABBF04C41AF0}.Debug|iPhone.Build.0 = Debug|Any CPU
		{841A4A7D-74DD-49E7-B9DB-ABBF04C41AF0}.Debug|iPhone.Deploy.0 = Debug|Any CPU
		{841A4A7D-74DD-49E7-B9DB-ABBF04C41AF0}.Debug|iPhoneSimulator.ActiveCfg = Debug|Any CPU
		{841A4A7D-74DD-49E7-B9DB-ABBF04C41AF0}.Debug|iPhoneSimulator.Build.0 = Debug|Any CPU
		{841A4A7D-74DD-49E7-B9DB-ABBF04C41AF0}.Debug|iPhoneSimulator.Deploy.0 = Debug|Any CPU
		{841A4A7D-74DD-49E7-B9DB-ABBF04C41AF0}.Release|Any CPU.ActiveCfg = Release|Any CPU
		{841A4A7D-74DD-49E7-B9DB-ABBF04C41AF0}.Release|Any CPU.Build.0 = Release|Any CPU
		{841A4A7D-74DD-49E7-B9DB-ABBF04C41AF0}.Release|Any CPU.Deploy.0 = Release|Any CPU
		{841A4A7D-74DD-49E7-B9DB-ABBF04C41AF0}.Release|iPhone.ActiveCfg = Release|Any CPU
		{841A4A7D-74DD-49E7-B9DB-ABBF04C41AF0}.Release|iPhone.Build.0 = Release|Any CPU
		{841A4A7D-74DD-49E7-B9DB-ABBF04C41AF0}.Release|iPhone.Deploy.0 = Release|Any CPU
		{841A4A7D-74DD-49E7-B9DB-ABBF04C41AF0}.Release|iPhoneSimulator.ActiveCfg = Release|Any CPU
		{841A4A7D-74DD-49E7-B9DB-ABBF04C41AF0}.Release|iPhoneSimulator.Build.0 = Release|Any CPU
		{841A4A7D-74DD-49E7-B9DB-ABBF04C41AF0}.Release|iPhoneSimulator.Deploy.0 = Release|Any CPU
		{E30BD09E-A47C-4668-9B83-56E8090CAA15}.Debug|Any CPU.ActiveCfg = Debug|iPhone
		{E30BD09E-A47C-4668-9B83-56E8090CAA15}.Debug|Any CPU.Build.0 = Debug|iPhone
		{E30BD09E-A47C-4668-9B83-56E8090CAA15}.Debug|Any CPU.Deploy.0 = Debug|iPhone
		{E30BD09E-A47C-4668-9B83-56E8090CAA15}.Debug|iPhone.ActiveCfg = Debug|iPhone
		{E30BD09E-A47C-4668-9B83-56E8090CAA15}.Debug|iPhone.Build.0 = Debug|iPhone
		{E30BD09E-A47C-4668-9B83-56E8090CAA15}.Debug|iPhone.Deploy.0 = Debug|iPhone
		{E30BD09E-A47C-4668-9B83-56E8090CAA15}.Debug|iPhoneSimulator.ActiveCfg = Debug|iPhoneSimulator
		{E30BD09E-A47C-4668-9B83-56E8090CAA15}.Debug|iPhoneSimulator.Build.0 = Debug|iPhoneSimulator
		{E30BD09E-A47C-4668-9B83-56E8090CAA15}.Debug|iPhoneSimulator.Deploy.0 = Debug|iPhoneSimulator
		{E30BD09E-A47C-4668-9B83-56E8090CAA15}.Release|Any CPU.ActiveCfg = Release|iPhoneSimulator
		{E30BD09E-A47C-4668-9B83-56E8090CAA15}.Release|Any CPU.Build.0 = Release|iPhoneSimulator
		{E30BD09E-A47C-4668-9B83-56E8090CAA15}.Release|Any CPU.Deploy.0 = Release|iPhoneSimulator
		{E30BD09E-A47C-4668-9B83-56E8090CAA15}.Release|iPhone.ActiveCfg = Release|iPhone
		{E30BD09E-A47C-4668-9B83-56E8090CAA15}.Release|iPhone.Build.0 = Release|iPhone
		{E30BD09E-A47C-4668-9B83-56E8090CAA15}.Release|iPhone.Deploy.0 = Release|iPhone
		{E30BD09E-A47C-4668-9B83-56E8090CAA15}.Release|iPhoneSimulator.ActiveCfg = Release|iPhoneSimulator
		{E30BD09E-A47C-4668-9B83-56E8090CAA15}.Release|iPhoneSimulator.Build.0 = Release|iPhoneSimulator
		{E30BD09E-A47C-4668-9B83-56E8090CAA15}.Release|iPhoneSimulator.Deploy.0 = Release|iPhoneSimulator
		{03CA4C10-51AA-49FE-B984-EC89AB7F0608}.Debug|Any CPU.ActiveCfg = Debug|Any CPU
		{03CA4C10-51AA-49FE-B984-EC89AB7F0608}.Debug|Any CPU.Build.0 = Debug|Any CPU
		{03CA4C10-51AA-49FE-B984-EC89AB7F0608}.Debug|Any CPU.Deploy.0 = Debug|Any CPU
		{03CA4C10-51AA-49FE-B984-EC89AB7F0608}.Debug|iPhone.ActiveCfg = Debug|Any CPU
		{03CA4C10-51AA-49FE-B984-EC89AB7F0608}.Debug|iPhone.Build.0 = Debug|Any CPU
		{03CA4C10-51AA-49FE-B984-EC89AB7F0608}.Debug|iPhone.Deploy.0 = Debug|Any CPU
		{03CA4C10-51AA-49FE-B984-EC89AB7F0608}.Debug|iPhoneSimulator.ActiveCfg = Debug|Any CPU
		{03CA4C10-51AA-49FE-B984-EC89AB7F0608}.Debug|iPhoneSimulator.Build.0 = Debug|Any CPU
		{03CA4C10-51AA-49FE-B984-EC89AB7F0608}.Debug|iPhoneSimulator.Deploy.0 = Debug|Any CPU
		{03CA4C10-51AA-49FE-B984-EC89AB7F0608}.Release|Any CPU.ActiveCfg = Release|Any CPU
		{03CA4C10-51AA-49FE-B984-EC89AB7F0608}.Release|Any CPU.Build.0 = Release|Any CPU
		{03CA4C10-51AA-49FE-B984-EC89AB7F0608}.Release|Any CPU.Deploy.0 = Release|Any CPU
		{03CA4C10-51AA-49FE-B984-EC89AB7F0608}.Release|iPhone.ActiveCfg = Release|Any CPU
		{03CA4C10-51AA-49FE-B984-EC89AB7F0608}.Release|iPhone.Build.0 = Release|Any CPU
		{03CA4C10-51AA-49FE-B984-EC89AB7F0608}.Release|iPhone.Deploy.0 = Release|Any CPU
		{03CA4C10-51AA-49FE-B984-EC89AB7F0608}.Release|iPhoneSimulator.ActiveCfg = Release|Any CPU
		{03CA4C10-51AA-49FE-B984-EC89AB7F0608}.Release|iPhoneSimulator.Build.0 = Release|Any CPU
		{03CA4C10-51AA-49FE-B984-EC89AB7F0608}.Release|iPhoneSimulator.Deploy.0 = Release|Any CPU
	EndGlobalSection
	GlobalSection(SolutionProperties) = preSolution
		HideSolutionNode = FALSE
	EndGlobalSection
	GlobalSection(ExtensibilityGlobals) = postSolution
		SolutionGuid = {63E6ABFA-F17C-4C82-BBF2-CB667E3A3C1C}
	EndGlobalSection
EndGlobal
